
Microsoft Visual Studio Solution File, Format Version 12.00
# Visual Studio Version 16
VisualStudioVersion = 16.0.32106.194
MinimumVisualStudioVersion = 10.0.40219.1
Project("{F184B08F-C81C-45F6-A57F-5ABD9991F28F}") = "Ingresar_Al_Sistema", "Ingresar_Al_Sistema.vbproj", "{F7D57E9D-C699-4E26-ABFC-B541EBBB234B}"
EndProject
Global
	GlobalSection(SolutionConfigurationPlatforms) = preSolution
		Debug|Any CPU = Debug|Any CPU
		Release|Any CPU = Release|Any CPU
	EndGlobalSection
	GlobalSection(ProjectConfigurationPlatforms) = postSolution
		{F7D57E9D-C699-4E26-ABFC-B541EBBB234B}.Debug|Any CPU.ActiveCfg = Debug|Any CPU
		{F7D57E9D-C699-4E26-ABFC-B541EBBB234B}.Debug|Any CPU.Build.0 = Debug|Any CPU
		{F7D57E9D-C699-4E26-ABFC-B541EBBB234B}.Release|Any CPU.ActiveCfg = Release|Any CPU
		{F7D57E9D-C699-4E26-ABFC-B541EBBB234B}.Release|Any CPU.Build.0 = Release|Any CPU
	EndGlobalSection
	GlobalSection(SolutionProperties) = preSolution
		HideSolutionNode = FALSE
	EndGlobalSection
	GlobalSection(ExtensibilityGlobals) = postSolution
		SolutionGuid = {BA0E401D-B06B-4878-BD50-32E5E2FCDFD8}
	EndGlobalSection
EndGlobal
